<?xml version="1.0" encoding="utf-8"?>
<Project ToolsVersion="4.0" xmlns="http://schemas.microsoft.com/developer/msbuild/2003">
  <ItemGroup>
    <Filter Include="Platform">
      <UniqueIdentifier>{2AC788B4-1694-E3BF-3FAD-D1672BD9184E}</UniqueIdentifier>
    </Filter>
    <Filter Include="Platform\OpenGL">
      <UniqueIdentifier>{1E7D2C1D-8A08-9AE1-9319-1DD6FF23F6E1}</UniqueIdentifier>
    </Filter>
    <Filter Include="Platform\Windows">
      <UniqueIdentifier>{64FBD71A-50F4-F66C-7926-DCF1657ED678}</UniqueIdentifier>
    </Filter>
    <Filter Include="StrikeEngine">
      <UniqueIdentifier>{CDDB7D00-B93E-0DA5-62C4-455B4E06D927}</UniqueIdentifier>
    </Filter>
    <Filter Include="StrikeEngine\Events">
      <UniqueIdentifier>{119F263F-7D00-044D-066E-4AFF72CE3A0C}</UniqueIdentifier>
    </Filter>
    <Filter Include="StrikeEngine\ImGui">
      <UniqueIdentifier>{B736A1D3-A31A-6229-0C7B-5C7CF87D4CAB}</UniqueIdentifier>
    </Filter>
  </ItemGroup>
  <ItemGroup>
    <ClInclude Include="src\Platform\OpenGL\ImGuiOpenGLRenderer.h">
      <Filter>Platform\OpenGL</Filter>
    </ClInclude>
    <ClInclude Include="src\Platform\OpenGL\ImGuiOpenGLRendererLoader.h">
      <Filter>Platform\OpenGL</Filter>
    </ClInclude>
    <ClInclude Include="src\Platform\Windows\WindowsWindow.h">
      <Filter>Platform\Windows</Filter>
    </ClInclude>
    <ClInclude Include="src\StrikeEngine.h" />
    <ClInclude Include="src\StrikeEngine\Application.h">
      <Filter>StrikeEngine</Filter>
    </ClInclude>
    <ClInclude Include="src\StrikeEngine\Core.h">
      <Filter>StrikeEngine</Filter>
    </ClInclude>
    <ClInclude Include="src\StrikeEngine\EntryPoint.h">
      <Filter>StrikeEngine</Filter>
    </ClInclude>
    <ClInclude Include="src\StrikeEngine\Events\ApplicationEvent.h">
      <Filter>StrikeEngine\Events</Filter>
    </ClInclude>
    <ClInclude Include="src\StrikeEngine\Events\Event.h">
      <Filter>StrikeEngine\Events</Filter>
    </ClInclude>
    <ClInclude Include="src\StrikeEngine\Events\KeyEvent.h">
      <Filter>StrikeEngine\Events</Filter>
    </ClInclude>
    <ClInclude Include="src\StrikeEngine\Events\MouseEvent.h">
      <Filter>StrikeEngine\Events</Filter>
    </ClInclude>
    <ClInclude Include="src\StrikeEngine\ImGui\ImGuiLayer.h">
      <Filter>StrikeEngine\ImGui</Filter>
    </ClInclude>
    <ClInclude Include="src\StrikeEngine\Layer.h">
      <Filter>StrikeEngine</Filter>
    </ClInclude>
    <ClInclude Include="src\StrikeEngine\LayerStack.h">
      <Filter>StrikeEngine</Filter>
    </ClInclude>
    <ClInclude Include="src\StrikeEngine\Log.h">
      <Filter>StrikeEngine</Filter>
    </ClInclude>
    <ClInclude Include="src\StrikeEngine\Window.h">
      <Filter>StrikeEngine</Filter>
    </ClInclude>
    <ClInclude Include="src\strikepch.h" />
  </ItemGroup>
  <ItemGroup>
    <ClCompile Include="src\Platform\OpenGL\ImGuiOpenGLRenderer.cpp">
      <Filter>Platform\OpenGL</Filter>
    </ClCompile>
    <ClCompile Include="src\Platform\Windows\WindowsWindow.cpp">
      <Filter>Platform\Windows</Filter>
    </ClCompile>
    <ClCompile Include="src\StrikeEngine\Application.cpp">
      <Filter>StrikeEngine</Filter>
    </ClCompile>
    <ClCompile Include="src\StrikeEngine\ImGui\ImGuiLayer.cpp">
      <Filter>StrikeEngine\ImGui</Filter>
    </ClCompile>
    <ClCompile Include="src\StrikeEngine\Layer.cpp">
      <Filter>StrikeEngine</Filter>
    </ClCompile>
    <ClCompile Include="src\StrikeEngine\LayerStack.cpp">
      <Filter>StrikeEngine</Filter>
    </ClCompile>
    <ClCompile Include="src\StrikeEngine\Log.cpp">
      <Filter>StrikeEngine</Filter>
    </ClCompile>
    <ClCompile Include="src\strikepch.cpp" />
  </ItemGroup>
</Project>